
Microsoft Visual Studio Solution File, Format Version 12.00
# Visual Studio Version 16
VisualStudioVersion = 16.0.30011.22
MinimumVisualStudioVersion = 15.0.26124.0
Project("{2150E333-8FDC-42A3-9474-1A3956D46DE8}") = "Solution Items", "Solution Items", "{BEB38163-7453-4B73-90EE-E71236C43C14}"
	ProjectSection(SolutionItems) = preProject
		.gitignore = .gitignore
		README.md = README.md
	EndProjectSection
EndProject
Project("{9A19103F-16F7-4668-BE54-9A1E7A4F7556}") = "TeamsAppServer", "TeamsAppServer\TeamsAppServer.csproj", "{AC07B30E-BAF7-446F-AB8C-C35D55BBE07F}"
EndProject
Project("{9A19103F-16F7-4668-BE54-9A1E7A4F7556}") = "TeamsAppWasm", "TeamsAppWasm\TeamsAppWasm.csproj", "{06CCAE3D-3524-45A6-AFB6-3BA72A89A86E}"
EndProject
Project("{9A19103F-16F7-4668-BE54-9A1E7A4F7556}") = "SharedComponents", "SharedComponents\SharedComponents.csproj", "{CB8EAC76-638E-4B03-9B01-D3BA229C79FF}"
EndProject
Project("{2150E333-8FDC-42A3-9474-1A3956D46DE8}") = "npm", "npm", "{4EE13F5A-C22E-4ECA-8A9A-62C716847E7E}"
	ProjectSection(SolutionItems) = preProject
		package.json = package.json
	EndProjectSection
EndProject
Global
	GlobalSection(SolutionConfigurationPlatforms) = preSolution
		Debug|Any CPU = Debug|Any CPU
		Debug|x64 = Debug|x64
		Debug|x86 = Debug|x86
		Release|Any CPU = Release|Any CPU
		Release|x64 = Release|x64
		Release|x86 = Release|x86
	EndGlobalSection
	GlobalSection(ProjectConfigurationPlatforms) = postSolution
		{AC07B30E-BAF7-446F-AB8C-C35D55BBE07F}.Debug|Any CPU.ActiveCfg = Debug|Any CPU
		{AC07B30E-BAF7-446F-AB8C-C35D55BBE07F}.Debug|Any CPU.Build.0 = Debug|Any CPU
		{AC07B30E-BAF7-446F-AB8C-C35D55BBE07F}.Debug|x64.ActiveCfg = Debug|Any CPU
		{AC07B30E-BAF7-446F-AB8C-C35D55BBE07F}.Debug|x64.Build.0 = Debug|Any CPU
		{AC07B30E-BAF7-446F-AB8C-C35D55BBE07F}.Debug|x86.ActiveCfg = Debug|Any CPU
		{AC07B30E-BAF7-446F-AB8C-C35D55BBE07F}.Debug|x86.Build.0 = Debug|Any CPU
		{AC07B30E-BAF7-446F-AB8C-C35D55BBE07F}.Release|Any CPU.ActiveCfg = Release|Any CPU
		{AC07B30E-BAF7-446F-AB8C-C35D55BBE07F}.Release|Any CPU.Build.0 = Release|Any CPU
		{AC07B30E-BAF7-446F-AB8C-C35D55BBE07F}.Release|x64.ActiveCfg = Release|Any CPU
		{AC07B30E-BAF7-446F-AB8C-C35D55BBE07F}.Release|x64.Build.0 = Release|Any CPU
		{AC07B30E-BAF7-446F-AB8C-C35D55BBE07F}.Release|x86.ActiveCfg = Release|Any CPU
		{AC07B30E-BAF7-446F-AB8C-C35D55BBE07F}.Release|x86.Build.0 = Release|Any CPU
		{06CCAE3D-3524-45A6-AFB6-3BA72A89A86E}.Debug|Any CPU.ActiveCfg = Debug|Any CPU
		{06CCAE3D-3524-45A6-AFB6-3BA72A89A86E}.Debug|Any CPU.Build.0 = Debug|Any CPU
		{06CCAE3D-3524-45A6-AFB6-3BA72A89A86E}.Debug|x64.ActiveCfg = Debug|Any CPU
		{06CCAE3D-3524-45A6-AFB6-3BA72A89A86E}.Debug|x64.Build.0 = Debug|Any CPU
		{06CCAE3D-3524-45A6-AFB6-3BA72A89A86E}.Debug|x86.ActiveCfg = Debug|Any CPU
		{06CCAE3D-3524-45A6-AFB6-3BA72A89A86E}.Debug|x86.Build.0 = Debug|Any CPU
		{06CCAE3D-3524-45A6-AFB6-3BA72A89A86E}.Release|Any CPU.ActiveCfg = Release|Any CPU
		{06CCAE3D-3524-45A6-AFB6-3BA72A89A86E}.Release|Any CPU.Build.0 = Release|Any CPU
		{06CCAE3D-3524-45A6-AFB6-3BA72A89A86E}.Release|x64.ActiveCfg = Release|Any CPU
		{06CCAE3D-3524-45A6-AFB6-3BA72A89A86E}.Release|x64.Build.0 = Release|Any CPU
		{06CCAE3D-3524-45A6-AFB6-3BA72A89A86E}.Release|x86.ActiveCfg = Release|Any CPU
		{06CCAE3D-3524-45A6-AFB6-3BA72A89A86E}.Release|x86.Build.0 = Release|Any CPU
		{CB8EAC76-638E-4B03-9B01-D3BA229C79FF}.Debug|Any CPU.ActiveCfg = Debug|Any CPU
		{CB8EAC76-638E-4B03-9B01-D3BA229C79FF}.Debug|Any CPU.Build.0 = Debug|Any CPU
		{CB8EAC76-638E-4B03-9B01-D3BA229C79FF}.Debug|x64.ActiveCfg = Debug|Any CPU
		{CB8EAC76-638E-4B03-9B01-D3BA229C79FF}.Debug|x64.Build.0 = Debug|Any CPU
		{CB8EAC76-638E-4B03-9B01-D3BA229C79FF}.Debug|x86.ActiveCfg = Debug|Any CPU
		{CB8EAC76-638E-4B03-9B01-D3BA229C79FF}.Debug|x86.Build.0 = Debug|Any CPU
		{CB8EAC76-638E-4B03-9B01-D3BA229C79FF}.Release|Any CPU.ActiveCfg = Release|Any CPU
		{CB8EAC76-638E-4B03-9B01-D3BA229C79FF}.Release|Any CPU.Build.0 = Release|Any CPU
		{CB8EAC76-638E-4B03-9B01-D3BA229C79FF}.Release|x64.ActiveCfg = Release|Any CPU
		{CB8EAC76-638E-4B03-9B01-D3BA229C79FF}.Release|x64.Build.0 = Release|Any CPU
		{CB8EAC76-638E-4B03-9B01-D3BA229C79FF}.Release|x86.ActiveCfg = Release|Any CPU
		{CB8EAC76-638E-4B03-9B01-D3BA229C79FF}.Release|x86.Build.0 = Release|Any CPU
	EndGlobalSection
	GlobalSection(SolutionProperties) = preSolution
		HideSolutionNode = FALSE
	EndGlobalSection
	GlobalSection(ExtensibilityGlobals) = postSolution
		SolutionGuid = {37B6D2F8-5ECE-4F7A-A416-6F6801986E3D}
	EndGlobalSection
EndGlobal
