{
  "name": "microsoft-teams-app-with-blazor",
  "version": "1.0.0",
  "lockfileVersion": 1,
  "requires": true,
  "dependencies": {
    "@microsoft/teams-js": {
      "version": "1.8.0",
      "resolved": "https://registry.npmjs.org/@microsoft/teams-js/-/teams-js-1.8.0.tgz",
      "integrity": "sha512-3or+WqPJ73VHG6P5Bv/x882mzUASNLU2DIkzI5WPg9TW5vq2ISEv7yJ+fuRY9GNC0AcJiJQfzB+jl+HVgJAdcg=="
    }
  }
}
